// !$*UTF8*$!
{
	archiveVersion = 1;
	classes = {
	};
	objectVersion = 54;
	objects = {

/* Begin PBXBuildFile section */
		00E356F31AD99517003FC87E /* testemailTests.m in Sources */ = {isa = PBXBuildFile; fileRef = 00E356F21AD99517003FC87E /* testemailTests.m */; };
		07E96EC7275948EE0070FDBE /* Icon-1024.png in Resources */ = {isa = PBXBuildFile; fileRef = 07E96EA9275948EB0070FDBE /* Icon-1024.png */; };
		07E96EC8275948EE0070FDBE /* Icon-50.png in Resources */ = {isa = PBXBuildFile; fileRef = 07E96EAA275948EB0070FDBE /* Icon-50.png */; };
		07E96EC9275948EE0070FDBE /* Icon-120.png in Resources */ = {isa = PBXBuildFile; fileRef = 07E96EAB275948EB0070FDBE /* Icon-120.png */; };
		07E96ECA275948EE0070FDBE /* Icon-128.png in Resources */ = {isa = PBXBuildFile; fileRef = 07E96EAC275948EB0070FDBE /* Icon-128.png */; };
		07E96ECB275948EE0070FDBE /* Icon-57.png in Resources */ = {isa = PBXBuildFile; fileRef = 07E96EAD275948EC0070FDBE /* Icon-57.png */; };
		07E96ECC275948EE0070FDBE /* Icon-32.png in Resources */ = {isa = PBXBuildFile; fileRef = 07E96EAE275948EC0070FDBE /* Icon-32.png */; };
		07E96ECD275948EE0070FDBE /* Icon-88.png in Resources */ = {isa = PBXBuildFile; fileRef = 07E96EAF275948EC0070FDBE /* Icon-88.png */; };
		07E96ECE275948EE0070FDBE /* Icon-144.png in Resources */ = {isa = PBXBuildFile; fileRef = 07E96EB0275948EC0070FDBE /* Icon-144.png */; };
		07E96ECF275948EE0070FDBE /* Icon-152.png in Resources */ = {isa = PBXBuildFile; fileRef = 07E96EB1275948EC0070FDBE /* Icon-152.png */; };
		07E96ED0275948EE0070FDBE /* Icon-20.png in Resources */ = {isa = PBXBuildFile; fileRef = 07E96EB2275948EC0070FDBE /* Icon-20.png */; };
		07E96ED1275948EE0070FDBE /* Icon-55.png in Resources */ = {isa = PBXBuildFile; fileRef = 07E96EB3275948EC0070FDBE /* Icon-55.png */; };
		07E96ED2275948EE0070FDBE /* Icon-48.png in Resources */ = {isa = PBXBuildFile; fileRef = 07E96EB4275948EC0070FDBE /* Icon-48.png */; };
		07E96ED3275948EE0070FDBE /* Icon-60.png in Resources */ = {isa = PBXBuildFile; fileRef = 07E96EB5275948EC0070FDBE /* Icon-60.png */; };
		07E96ED4275948EE0070FDBE /* Icon-114.png in Resources */ = {isa = PBXBuildFile; fileRef = 07E96EB6275948EC0070FDBE /* Icon-114.png */; };
		07E96ED5275948EE0070FDBE /* Icon-172.png in Resources */ = {isa = PBXBuildFile; fileRef = 07E96EB7275948EC0070FDBE /* Icon-172.png */; };
		07E96ED6275948EE0070FDBE /* Icon-64.png in Resources */ = {isa = PBXBuildFile; fileRef = 07E96EB8275948EC0070FDBE /* Icon-64.png */; };
		07E96ED7275948EE0070FDBE /* Icon-40.png in Resources */ = {isa = PBXBuildFile; fileRef = 07E96EB9275948ED0070FDBE /* Icon-40.png */; };
		07E96ED8275948EE0070FDBE /* Icon-58.png in Resources */ = {isa = PBXBuildFile; fileRef = 07E96EBA275948ED0070FDBE /* Icon-58.png */; };
		07E96ED9275948EE0070FDBE /* Icon-167.png in Resources */ = {isa = PBXBuildFile; fileRef = 07E96EBB275948ED0070FDBE /* Icon-167.png */; };
		07E96EDA275948EE0070FDBE /* Icon-180.png in Resources */ = {isa = PBXBuildFile; fileRef = 07E96EBC275948ED0070FDBE /* Icon-180.png */; };
		07E96EDB275948EE0070FDBE /* Icon-76.png in Resources */ = {isa = PBXBuildFile; fileRef = 07E96EBD275948ED0070FDBE /* Icon-76.png */; };
		07E96EDC275948EE0070FDBE /* Icon-29.png in Resources */ = {isa = PBXBuildFile; fileRef = 07E96EBE275948ED0070FDBE /* Icon-29.png */; };
		07E96EDD275948EE0070FDBE /* Icon-16.png in Resources */ = {isa = PBXBuildFile; fileRef = 07E96EBF275948ED0070FDBE /* Icon-16.png */; };
		07E96EDE275948EE0070FDBE /* Icon-256.png in Resources */ = {isa = PBXBuildFile; fileRef = 07E96EC0275948ED0070FDBE /* Icon-256.png */; };
		07E96EDF275948EE0070FDBE /* Icon-196.png in Resources */ = {isa = PBXBuildFile; fileRef = 07E96EC1275948ED0070FDBE /* Icon-196.png */; };
		07E96EE0275948EE0070FDBE /* Icon-80.png in Resources */ = {isa = PBXBuildFile; fileRef = 07E96EC2275948ED0070FDBE /* Icon-80.png */; };
		07E96EE1275948EE0070FDBE /* Icon-512.png in Resources */ = {isa = PBXBuildFile; fileRef = 07E96EC3275948ED0070FDBE /* Icon-512.png */; };
		07E96EE2275948EE0070FDBE /* Icon-100.png in Resources */ = {isa = PBXBuildFile; fileRef = 07E96EC4275948ED0070FDBE /* Icon-100.png */; };
		07E96EE3275948EE0070FDBE /* Icon-87.png in Resources */ = {isa = PBXBuildFile; fileRef = 07E96EC5275948EE0070FDBE /* Icon-87.png */; };
		07E96EE4275948EE0070FDBE /* Icon-72.png in Resources */ = {isa = PBXBuildFile; fileRef = 07E96EC6275948EE0070FDBE /* Icon-72.png */; };
		13AA4CD70AA57A28B443444C /* libPods-testemail-testemailTests.a in Frameworks */ = {isa = PBXBuildFile; fileRef = 4F527ABBFB014FC8E0875168 /* libPods-testemail-testemailTests.a */; };
		13B07FBC1A68108700A75B9A /* AppDelegate.m in Sources */ = {isa = PBXBuildFile; fileRef = 13B07FB01A68108700A75B9A /* AppDelegate.m */; };
		13B07FBF1A68108700A75B9A /* Images.xcassets in Resources */ = {isa = PBXBuildFile; fileRef = 13B07FB51A68108700A75B9A /* Images.xcassets */; };
		13B07FC11A68108700A75B9A /* main.m in Sources */ = {isa = PBXBuildFile; fileRef = 13B07FB71A68108700A75B9A /* main.m */; };
		321ADE0FBA68B57C55665701 /* libPods-testemail.a in Frameworks */ = {isa = PBXBuildFile; fileRef = D9C6E285977B648E0DEEAC2E /* libPods-testemail.a */; };
		81AB9BB82411601600AC10FF /* LaunchScreen.storyboard in Resources */ = {isa = PBXBuildFile; fileRef = 81AB9BB72411601600AC10FF /* LaunchScreen.storyboard */; };
/* End PBXBuildFile section */

/* Begin PBXContainerItemProxy section */
		00E356F41AD99517003FC87E /* PBXContainerItemProxy */ = {
			isa = PBXContainerItemProxy;
			containerPortal = 83CBB9F71A601CBA00E9B192 /* Project object */;
			proxyType = 1;
			remoteGlobalIDString = 13B07F861A680F5B00A75B9A;
			remoteInfo = testemail;
		};
/* End PBXContainerItemProxy section */

/* Begin PBXFileReference section */
		00E356EE1AD99517003FC87E /* testemailTests.xctest */ = {isa = PBXFileReference; explicitFileType = wrapper.cfbundle; includeInIndex = 0; path = testemailTests.xctest; sourceTree = BUILT_PRODUCTS_DIR; };
		00E356F11AD99517003FC87E /* Info.plist */ = {isa = PBXFileReference; lastKnownFileType = text.plist.xml; path = Info.plist; sourceTree = "<group>"; };
		00E356F21AD99517003FC87E /* testemailTests.m */ = {isa = PBXFileReference; lastKnownFileType = sourcecode.c.objc; path = testemailTests.m; sourceTree = "<group>"; };
		07E96EA9275948EB0070FDBE /* Icon-1024.png */ = {isa = PBXFileReference; lastKnownFileType = image.png; path = "Icon-1024.png"; sourceTree = "<group>"; };
		07E96EAA275948EB0070FDBE /* Icon-50.png */ = {isa = PBXFileReference; lastKnownFileType = image.png; path = "Icon-50.png"; sourceTree = "<group>"; };
		07E96EAB275948EB0070FDBE /* Icon-120.png */ = {isa = PBXFileReference; lastKnownFileType = image.png; path = "Icon-120.png"; sourceTree = "<group>"; };
		07E96EAC275948EB0070FDBE /* Icon-128.png */ = {isa = PBXFileReference; lastKnownFileType = image.png; path = "Icon-128.png"; sourceTree = "<group>"; };
		07E96EAD275948EC0070FDBE /* Icon-57.png */ = {isa = PBXFileReference; lastKnownFileType = image.png; path = "Icon-57.png"; sourceTree = "<group>"; };
		07E96EAE275948EC0070FDBE /* Icon-32.png */ = {isa = PBXFileReference; lastKnownFileType = image.png; path = "Icon-32.png"; sourceTree = "<group>"; };
		07E96EAF275948EC0070FDBE /* Icon-88.png */ = {isa = PBXFileReference; lastKnownFileType = image.png; path = "Icon-88.png"; sourceTree = "<group>"; };
		07E96EB0275948EC0070FDBE /* Icon-144.png */ = {isa = PBXFileReference; lastKnownFileType = image.png; path = "Icon-144.png"; sourceTree = "<group>"; };
		07E96EB1275948EC0070FDBE /* Icon-152.png */ = {isa = PBXFileReference; lastKnownFileType = image.png; path = "Icon-152.png"; sourceTree = "<group>"; };
		07E96EB2275948EC0070FDBE /* Icon-20.png */ = {isa = PBXFileReference; lastKnownFileType = image.png; path = "Icon-20.png"; sourceTree = "<group>"; };
		07E96EB3275948EC0070FDBE /* Icon-55.png */ = {isa = PBXFileReference; lastKnownFileType = image.png; path = "Icon-55.png"; sourceTree = "<group>"; };
		07E96EB4275948EC0070FDBE /* Icon-48.png */ = {isa = PBXFileReference; lastKnownFileType = image.png; path = "Icon-48.png"; sourceTree = "<group>"; };
		07E96EB5275948EC0070FDBE /* Icon-60.png */ = {isa = PBXFileReference; lastKnownFileType = image.png; path = "Icon-60.png"; sourceTree = "<group>"; };
		07E96EB6275948EC0070FDBE /* Icon-114.png */ = {isa = PBXFileReference; lastKnownFileType = image.png; path = "Icon-114.png"; sourceTree = "<group>"; };
		07E96EB7275948EC0070FDBE /* Icon-172.png */ = {isa = PBXFileReference; lastKnownFileType = image.png; path = "Icon-172.png"; sourceTree = "<group>"; };
		07E96EB8275948EC0070FDBE /* Icon-64.png */ = {isa = PBXFileReference; lastKnownFileType = image.png; path = "Icon-64.png"; sourceTree = "<group>"; };
		07E96EB9275948ED0070FDBE /* Icon-40.png */ = {isa = PBXFileReference; lastKnownFileType = image.png; path = "Icon-40.png"; sourceTree = "<group>"; };
		07E96EBA275948ED0070FDBE /* Icon-58.png */ = {isa = PBXFileReference; lastKnownFileType = image.png; path = "Icon-58.png"; sourceTree = "<group>"; };
		07E96EBB275948ED0070FDBE /* Icon-167.png */ = {isa = PBXFileReference; lastKnownFileType = image.png; path = "Icon-167.png"; sourceTree = "<group>"; };
		07E96EBC275948ED0070FDBE /* Icon-180.png */ = {isa = PBXFileReference; lastKnownFileType = image.png; path = "Icon-180.png"; sourceTree = "<group>"; };
		07E96EBD275948ED0070FDBE /* Icon-76.png */ = {isa = PBXFileReference; lastKnownFileType = image.png; path = "Icon-76.png"; sourceTree = "<group>"; };
		07E96EBE275948ED0070FDBE /* Icon-29.png */ = {isa = PBXFileReference; lastKnownFileType = image.png; path = "Icon-29.png"; sourceTree = "<group>"; };
		07E96EBF275948ED0070FDBE /* Icon-16.png */ = {isa = PBXFileReference; lastKnownFileType = image.png; path = "Icon-16.png"; sourceTree = "<group>"; };
		07E96EC0275948ED0070FDBE /* Icon-256.png */ = {isa = PBXFileReference; lastKnownFileType = image.png; path = "Icon-256.png"; sourceTree = "<group>"; };
		07E96EC1275948ED0070FDBE /* Icon-196.png */ = {isa = PBXFileReference; lastKnownFileType = image.png; path = "Icon-196.png"; sourceTree = "<group>"; };
		07E96EC2275948ED0070FDBE /* Icon-80.png */ = {isa = PBXFileReference; lastKnownFileType = image.png; path = "Icon-80.png"; sourceTree = "<group>"; };
		07E96EC3275948ED0070FDBE /* Icon-512.png */ = {isa = PBXFileReference; lastKnownFileType = image.png; path = "Icon-512.png"; sourceTree = "<group>"; };
		07E96EC4275948ED0070FDBE /* Icon-100.png */ = {isa = PBXFileReference; lastKnownFileType = image.png; path = "Icon-100.png"; sourceTree = "<group>"; };
		07E96EC5275948EE0070FDBE /* Icon-87.png */ = {isa = PBXFileReference; lastKnownFileType = image.png; path = "Icon-87.png"; sourceTree = "<group>"; };
		07E96EC6275948EE0070FDBE /* Icon-72.png */ = {isa = PBXFileReference; lastKnownFileType = image.png; path = "Icon-72.png"; sourceTree = "<group>"; };
		13B07F961A680F5B00A75B9A /* testemail.app */ = {isa = PBXFileReference; explicitFileType = wrapper.application; includeInIndex = 0; path = testemail.app; sourceTree = BUILT_PRODUCTS_DIR; };
		13B07FAF1A68108700A75B9A /* AppDelegate.h */ = {isa = PBXFileReference; fileEncoding = 4; lastKnownFileType = sourcecode.c.h; name = AppDelegate.h; path = testemail/AppDelegate.h; sourceTree = "<group>"; };
		13B07FB01A68108700A75B9A /* AppDelegate.m */ = {isa = PBXFileReference; fileEncoding = 4; lastKnownFileType = sourcecode.c.objc; name = AppDelegate.m; path = testemail/AppDelegate.m; sourceTree = "<group>"; };
		13B07FB51A68108700A75B9A /* Images.xcassets */ = {isa = PBXFileReference; lastKnownFileType = folder.assetcatalog; name = Images.xcassets; path = testemail/Images.xcassets; sourceTree = "<group>"; };
		13B07FB61A68108700A75B9A /* Info.plist */ = {isa = PBXFileReference; fileEncoding = 4; lastKnownFileType = text.plist.xml; name = Info.plist; path = testemail/Info.plist; sourceTree = "<group>"; };
		13B07FB71A68108700A75B9A /* main.m */ = {isa = PBXFileReference; fileEncoding = 4; lastKnownFileType = sourcecode.c.objc; name = main.m; path = testemail/main.m; sourceTree = "<group>"; };
		4F527ABBFB014FC8E0875168 /* libPods-testemail-testemailTests.a */ = {isa = PBXFileReference; explicitFileType = archive.ar; includeInIndex = 0; path = "libPods-testemail-testemailTests.a"; sourceTree = BUILT_PRODUCTS_DIR; };
		81AB9BB72411601600AC10FF /* LaunchScreen.storyboard */ = {isa = PBXFileReference; fileEncoding = 4; lastKnownFileType = file.storyboard; name = LaunchScreen.storyboard; path = testemail/LaunchScreen.storyboard; sourceTree = "<group>"; };
		9BEE14CCBC95DBFE3BB37929 /* Pods-testemail.release.xcconfig */ = {isa = PBXFileReference; includeInIndex = 1; lastKnownFileType = text.xcconfig; name = "Pods-testemail.release.xcconfig"; path = "Target Support Files/Pods-testemail/Pods-testemail.release.xcconfig"; sourceTree = "<group>"; };
		9E5CFF6519F66D215383090A /* Pods-testemail-testemailTests.debug.xcconfig */ = {isa = PBXFileReference; includeInIndex = 1; lastKnownFileType = text.xcconfig; name = "Pods-testemail-testemailTests.debug.xcconfig"; path = "Target Support Files/Pods-testemail-testemailTests/Pods-testemail-testemailTests.debug.xcconfig"; sourceTree = "<group>"; };
		AE0BEAA18036627F4FD943A4 /* Pods-testemail.debug.xcconfig */ = {isa = PBXFileReference; includeInIndex = 1; lastKnownFileType = text.xcconfig; name = "Pods-testemail.debug.xcconfig"; path = "Target Support Files/Pods-testemail/Pods-testemail.debug.xcconfig"; sourceTree = "<group>"; };
		D9C6E285977B648E0DEEAC2E /* libPods-testemail.a */ = {isa = PBXFileReference; explicitFileType = archive.ar; includeInIndex = 0; path = "libPods-testemail.a"; sourceTree = BUILT_PRODUCTS_DIR; };
		ED297162215061F000B7C4FE /* JavaScriptCore.framework */ = {isa = PBXFileReference; lastKnownFileType = wrapper.framework; name = JavaScriptCore.framework; path = System/Library/Frameworks/JavaScriptCore.framework; sourceTree = SDKROOT; };
		F7905369ED971ACDD9CEBF2F /* Pods-testemail-testemailTests.release.xcconfig */ = {isa = PBXFileReference; includeInIndex = 1; lastKnownFileType = text.xcconfig; name = "Pods-testemail-testemailTests.release.xcconfig"; path = "Target Support Files/Pods-testemail-testemailTests/Pods-testemail-testemailTests.release.xcconfig"; sourceTree = "<group>"; };
/* End PBXFileReference section */

/* Begin PBXFrameworksBuildPhase section */
		00E356EB1AD99517003FC87E /* Frameworks */ = {
			isa = PBXFrameworksBuildPhase;
			buildActionMask = 2147483647;
			files = (
				13AA4CD70AA57A28B443444C /* libPods-testemail-testemailTests.a in Frameworks */,
			);
			runOnlyForDeploymentPostprocessing = 0;
		};
		13B07F8C1A680F5B00A75B9A /* Frameworks */ = {
			isa = PBXFrameworksBuildPhase;
			buildActionMask = 2147483647;
			files = (
				321ADE0FBA68B57C55665701 /* libPods-testemail.a in Frameworks */,
			);
			runOnlyForDeploymentPostprocessing = 0;
		};
/* End PBXFrameworksBuildPhase section */

/* Begin PBXGroup section */
		00E356EF1AD99517003FC87E /* testemailTests */ = {
			isa = PBXGroup;
			children = (
				00E356F21AD99517003FC87E /* testemailTests.m */,
				00E356F01AD99517003FC87E /* Supporting Files */,
			);
			path = testemailTests;
			sourceTree = "<group>";
		};
		00E356F01AD99517003FC87E /* Supporting Files */ = {
			isa = PBXGroup;
			children = (
				00E356F11AD99517003FC87E /* Info.plist */,
			);
			name = "Supporting Files";
			sourceTree = "<group>";
		};
		07E96EA8275948C20070FDBE /* assets */ = {
			isa = PBXGroup;
			children = (
				07E96EBF275948ED0070FDBE /* Icon-16.png */,
				07E96EB2275948EC0070FDBE /* Icon-20.png */,
				07E96EBE275948ED0070FDBE /* Icon-29.png */,
				07E96EAE275948EC0070FDBE /* Icon-32.png */,
				07E96EB9275948ED0070FDBE /* Icon-40.png */,
				07E96EB4275948EC0070FDBE /* Icon-48.png */,
				07E96EAA275948EB0070FDBE /* Icon-50.png */,
				07E96EB3275948EC0070FDBE /* Icon-55.png */,
				07E96EAD275948EC0070FDBE /* Icon-57.png */,
				07E96EBA275948ED0070FDBE /* Icon-58.png */,
				07E96EB5275948EC0070FDBE /* Icon-60.png */,
				07E96EB8275948EC0070FDBE /* Icon-64.png */,
				07E96EC6275948EE0070FDBE /* Icon-72.png */,
				07E96EBD275948ED0070FDBE /* Icon-76.png */,
				07E96EC2275948ED0070FDBE /* Icon-80.png */,
				07E96EC5275948EE0070FDBE /* Icon-87.png */,
				07E96EAF275948EC0070FDBE /* Icon-88.png */,
				07E96EC4275948ED0070FDBE /* Icon-100.png */,
				07E96EB6275948EC0070FDBE /* Icon-114.png */,
				07E96EAB275948EB0070FDBE /* Icon-120.png */,
				07E96EAC275948EB0070FDBE /* Icon-128.png */,
				07E96EB0275948EC0070FDBE /* Icon-144.png */,
				07E96EB1275948EC0070FDBE /* Icon-152.png */,
				07E96EBB275948ED0070FDBE /* Icon-167.png */,
				07E96EB7275948EC0070FDBE /* Icon-172.png */,
				07E96EBC275948ED0070FDBE /* Icon-180.png */,
				07E96EC1275948ED0070FDBE /* Icon-196.png */,
				07E96EC0275948ED0070FDBE /* Icon-256.png */,
				07E96EC3275948ED0070FDBE /* Icon-512.png */,
				07E96EA9275948EB0070FDBE /* Icon-1024.png */,
			);
			name = assets;
			sourceTree = "<group>";
		};
		13B07FAE1A68108700A75B9A /* testemail */ = {
			isa = PBXGroup;
			children = (
				13B07FAF1A68108700A75B9A /* AppDelegate.h */,
				13B07FB01A68108700A75B9A /* AppDelegate.m */,
				13B07FB51A68108700A75B9A /* Images.xcassets */,
				13B07FB61A68108700A75B9A /* Info.plist */,
				81AB9BB72411601600AC10FF /* LaunchScreen.storyboard */,
				13B07FB71A68108700A75B9A /* main.m */,
			);
			name = testemail;
			sourceTree = "<group>";
		};
		2D16E6871FA4F8E400B85C8A /* Frameworks */ = {
			isa = PBXGroup;
			children = (
				ED297162215061F000B7C4FE /* JavaScriptCore.framework */,
				D9C6E285977B648E0DEEAC2E /* libPods-testemail.a */,
				4F527ABBFB014FC8E0875168 /* libPods-testemail-testemailTests.a */,
			);
			name = Frameworks;
			sourceTree = "<group>";
		};
		832341AE1AAA6A7D00B99B32 /* Libraries */ = {
			isa = PBXGroup;
			children = (
			);
			name = Libraries;
			sourceTree = "<group>";
		};
		83CBB9F61A601CBA00E9B192 = {
			isa = PBXGroup;
			children = (
				07E96EA8275948C20070FDBE /* assets */,
				13B07FAE1A68108700A75B9A /* testemail */,
				832341AE1AAA6A7D00B99B32 /* Libraries */,
				00E356EF1AD99517003FC87E /* testemailTests */,
				83CBBA001A601CBA00E9B192 /* Products */,
				2D16E6871FA4F8E400B85C8A /* Frameworks */,
				F7A90D629254673FDE1796A0 /* Pods */,
			);
			indentWidth = 2;
			sourceTree = "<group>";
			tabWidth = 2;
			usesTabs = 0;
		};
		83CBBA001A601CBA00E9B192 /* Products */ = {
			isa = PBXGroup;
			children = (
				13B07F961A680F5B00A75B9A /* testemail.app */,
				00E356EE1AD99517003FC87E /* testemailTests.xctest */,
			);
			name = Products;
			sourceTree = "<group>";
		};
		F7A90D629254673FDE1796A0 /* Pods */ = {
			isa = PBXGroup;
			children = (
				AE0BEAA18036627F4FD943A4 /* Pods-testemail.debug.xcconfig */,
				9BEE14CCBC95DBFE3BB37929 /* Pods-testemail.release.xcconfig */,
				9E5CFF6519F66D215383090A /* Pods-testemail-testemailTests.debug.xcconfig */,
				F7905369ED971ACDD9CEBF2F /* Pods-testemail-testemailTests.release.xcconfig */,
			);
			path = Pods;
			sourceTree = "<group>";
		};
/* End PBXGroup section */

/* Begin PBXNativeTarget section */
		00E356ED1AD99517003FC87E /* testemailTests */ = {
			isa = PBXNativeTarget;
			buildConfigurationList = 00E357021AD99517003FC87E /* Build configuration list for PBXNativeTarget "testemailTests" */;
			buildPhases = (
				6005CE9D4020894A78BC9488 /* [CP] Check Pods Manifest.lock */,
				00E356EA1AD99517003FC87E /* Sources */,
				00E356EB1AD99517003FC87E /* Frameworks */,
				00E356EC1AD99517003FC87E /* Resources */,
				9F3B7AC91EE28329AE52CCDC /* [CP] Embed Pods Frameworks */,
				30DC639485B614D6125F67F9 /* [CP] Copy Pods Resources */,
			);
			buildRules = (
			);
			dependencies = (
				00E356F51AD99517003FC87E /* PBXTargetDependency */,
			);
			name = testemailTests;
			productName = testemailTests;
			productReference = 00E356EE1AD99517003FC87E /* testemailTests.xctest */;
			productType = "com.apple.product-type.bundle.unit-test";
		};
		13B07F861A680F5B00A75B9A /* testemail */ = {
			isa = PBXNativeTarget;
			buildConfigurationList = 13B07F931A680F5B00A75B9A /* Build configuration list for PBXNativeTarget "testemail" */;
			buildPhases = (
				AFFC7FE03929FCD9B80FD7C9 /* [CP] Check Pods Manifest.lock */,
				FD10A7F022414F080027D42C /* Start Packager */,
				13B07F871A680F5B00A75B9A /* Sources */,
				13B07F8C1A680F5B00A75B9A /* Frameworks */,
				13B07F8E1A680F5B00A75B9A /* Resources */,
				00DD1BFF1BD5951E006B06BC /* Bundle React Native code and images */,
				5DCBA31F6B33445848EB327E /* [CP] Embed Pods Frameworks */,
				197902AEBF2E41FBE87229F5 /* [CP] Copy Pods Resources */,
			);
			buildRules = (
			);
			dependencies = (
			);
			name = testemail;
			productName = testemail;
			productReference = 13B07F961A680F5B00A75B9A /* testemail.app */;
			productType = "com.apple.product-type.application";
		};
/* End PBXNativeTarget section */

/* Begin PBXProject section */
		83CBB9F71A601CBA00E9B192 /* Project object */ = {
			isa = PBXProject;
			attributes = {
				LastUpgradeCheck = 1210;
				TargetAttributes = {
					00E356ED1AD99517003FC87E = {
						CreatedOnToolsVersion = 6.2;
						TestTargetID = 13B07F861A680F5B00A75B9A;
					};
					13B07F861A680F5B00A75B9A = {
						LastSwiftMigration = 1120;
					};
				};
			};
			buildConfigurationList = 83CBB9FA1A601CBA00E9B192 /* Build configuration list for PBXProject "testemail" */;
			compatibilityVersion = "Xcode 12.0";
			developmentRegion = en;
			hasScannedForEncodings = 0;
			knownRegions = (
				en,
				Base,
			);
			mainGroup = 83CBB9F61A601CBA00E9B192;
			productRefGroup = 83CBBA001A601CBA00E9B192 /* Products */;
			projectDirPath = "";
			projectRoot = "";
			targets = (
				13B07F861A680F5B00A75B9A /* testemail */,
				00E356ED1AD99517003FC87E /* testemailTests */,
			);
		};
/* End PBXProject section */

/* Begin PBXResourcesBuildPhase section */
		00E356EC1AD99517003FC87E /* Resources */ = {
			isa = PBXResourcesBuildPhase;
			buildActionMask = 2147483647;
			files = (
			);
			runOnlyForDeploymentPostprocessing = 0;
		};
		13B07F8E1A680F5B00A75B9A /* Resources */ = {
			isa = PBXResourcesBuildPhase;
			buildActionMask = 2147483647;
			files = (
				07E96EE0275948EE0070FDBE /* Icon-80.png in Resources */,
				07E96EE1275948EE0070FDBE /* Icon-512.png in Resources */,
				81AB9BB82411601600AC10FF /* LaunchScreen.storyboard in Resources */,
				07E96ECC275948EE0070FDBE /* Icon-32.png in Resources */,
				07E96EDA275948EE0070FDBE /* Icon-180.png in Resources */,
				07E96ED6275948EE0070FDBE /* Icon-64.png in Resources */,
				07E96EDB275948EE0070FDBE /* Icon-76.png in Resources */,
				07E96ED0275948EE0070FDBE /* Icon-20.png in Resources */,
				07E96ED9275948EE0070FDBE /* Icon-167.png in Resources */,
				07E96ED5275948EE0070FDBE /* Icon-172.png in Resources */,
				07E96EC8275948EE0070FDBE /* Icon-50.png in Resources */,
				07E96ED1275948EE0070FDBE /* Icon-55.png in Resources */,
				07E96ED3275948EE0070FDBE /* Icon-60.png in Resources */,
				13B07FBF1A68108700A75B9A /* Images.xcassets in Resources */,
				07E96ED8275948EE0070FDBE /* Icon-58.png in Resources */,
				07E96ED2275948EE0070FDBE /* Icon-48.png in Resources */,
				07E96EDE275948EE0070FDBE /* Icon-256.png in Resources */,
				07E96EDD275948EE0070FDBE /* Icon-16.png in Resources */,
				07E96EC9275948EE0070FDBE /* Icon-120.png in Resources */,
				07E96ECD275948EE0070FDBE /* Icon-88.png in Resources */,
				07E96ECB275948EE0070FDBE /* Icon-57.png in Resources */,
				07E96ED4275948EE0070FDBE /* Icon-114.png in Resources */,
				07E96EE3275948EE0070FDBE /* Icon-87.png in Resources */,
				07E96ECA275948EE0070FDBE /* Icon-128.png in Resources */,
				07E96ECF275948EE0070FDBE /* Icon-152.png in Resources */,
				07E96ECE275948EE0070FDBE /* Icon-144.png in Resources */,
				07E96EC7275948EE0070FDBE /* Icon-1024.png in Resources */,
				07E96ED7275948EE0070FDBE /* Icon-40.png in Resources */,
				07E96EDF275948EE0070FDBE /* Icon-196.png in Resources */,
				07E96EE4275948EE0070FDBE /* Icon-72.png in Resources */,
				07E96EE2275948EE0070FDBE /* Icon-100.png in Resources */,
				07E96EDC275948EE0070FDBE /* Icon-29.png in Resources */,
			);
			runOnlyForDeploymentPostprocessing = 0;
		};
/* End PBXResourcesBuildPhase section */

/* Begin PBXShellScriptBuildPhase section */
		00DD1BFF1BD5951E006B06BC /* Bundle React Native code and images */ = {
			isa = PBXShellScriptBuildPhase;
			buildActionMask = 2147483647;
			files = (
			);
			inputPaths = (
			);
			name = "Bundle React Native code and images";
			outputPaths = (
			);
			runOnlyForDeploymentPostprocessing = 0;
			shellPath = /bin/sh;
			shellScript = "set -e\n\nexport NODE_BINARY=node\n../node_modules/react-native/scripts/react-native-xcode.sh\n";
		};
		197902AEBF2E41FBE87229F5 /* [CP] Copy Pods Resources */ = {
			isa = PBXShellScriptBuildPhase;
			buildActionMask = 2147483647;
			files = (
			);
			inputFileListPaths = (
				"${PODS_ROOT}/Target Support Files/Pods-testemail/Pods-testemail-resources-${CONFIGURATION}-input-files.xcfilelist",
			);
			name = "[CP] Copy Pods Resources";
			outputFileListPaths = (
				"${PODS_ROOT}/Target Support Files/Pods-testemail/Pods-testemail-resources-${CONFIGURATION}-output-files.xcfilelist",
			);
			runOnlyForDeploymentPostprocessing = 0;
			shellPath = /bin/sh;
			shellScript = "\"${PODS_ROOT}/Target Support Files/Pods-testemail/Pods-testemail-resources.sh\"\n";
			showEnvVarsInLog = 0;
		};
		30DC639485B614D6125F67F9 /* [CP] Copy Pods Resources */ = {
			isa = PBXShellScriptBuildPhase;
			buildActionMask = 2147483647;
			files = (
			);
			inputFileListPaths = (
				"${PODS_ROOT}/Target Support Files/Pods-testemail-testemailTests/Pods-testemail-testemailTests-resources-${CONFIGURATION}-input-files.xcfilelist",
			);
			name = "[CP] Copy Pods Resources";
			outputFileListPaths = (
				"${PODS_ROOT}/Target Support Files/Pods-testemail-testemailTests/Pods-testemail-testemailTests-resources-${CONFIGURATION}-output-files.xcfilelist",
			);
			runOnlyForDeploymentPostprocessing = 0;
			shellPath = /bin/sh;
			shellScript = "\"${PODS_ROOT}/Target Support Files/Pods-testemail-testemailTests/Pods-testemail-testemailTests-resources.sh\"\n";
			showEnvVarsInLog = 0;
		};
		5DCBA31F6B33445848EB327E /* [CP] Embed Pods Frameworks */ = {
			isa = PBXShellScriptBuildPhase;
			buildActionMask = 2147483647;
			files = (
			);
			inputFileListPaths = (
				"${PODS_ROOT}/Target Support Files/Pods-testemail/Pods-testemail-frameworks-${CONFIGURATION}-input-files.xcfilelist",
			);
			name = "[CP] Embed Pods Frameworks";
			outputFileListPaths = (
				"${PODS_ROOT}/Target Support Files/Pods-testemail/Pods-testemail-frameworks-${CONFIGURATION}-output-files.xcfilelist",
			);
			runOnlyForDeploymentPostprocessing = 0;
			shellPath = /bin/sh;
			shellScript = "\"${PODS_ROOT}/Target Support Files/Pods-testemail/Pods-testemail-frameworks.sh\"\n";
			showEnvVarsInLog = 0;
		};
		6005CE9D4020894A78BC9488 /* [CP] Check Pods Manifest.lock */ = {
			isa = PBXShellScriptBuildPhase;
			buildActionMask = 2147483647;
			files = (
			);
			inputFileListPaths = (
			);
			inputPaths = (
				"${PODS_PODFILE_DIR_PATH}/Podfile.lock",
				"${PODS_ROOT}/Manifest.lock",
			);
			name = "[CP] Check Pods Manifest.lock";
			outputFileListPaths = (
			);
			outputPaths = (
				"$(DERIVED_FILE_DIR)/Pods-testemail-testemailTests-checkManifestLockResult.txt",
			);
			runOnlyForDeploymentPostprocessing = 0;
			shellPath = /bin/sh;
			shellScript = "diff \"${PODS_PODFILE_DIR_PATH}/Podfile.lock\" \"${PODS_ROOT}/Manifest.lock\" > /dev/null\nif [ $? != 0 ] ; then\n    # print error to STDERR\n    echo \"error: The sandbox is not in sync with the Podfile.lock. Run 'pod install' or update your CocoaPods installation.\" >&2\n    exit 1\nfi\n# This output is used by Xcode 'outputs' to avoid re-running this script phase.\necho \"SUCCESS\" > \"${SCRIPT_OUTPUT_FILE_0}\"\n";
			showEnvVarsInLog = 0;
		};
		9F3B7AC91EE28329AE52CCDC /* [CP] Embed Pods Frameworks */ = {
			isa = PBXShellScriptBuildPhase;
			buildActionMask = 2147483647;
			files = (
			);
			inputFileListPaths = (
				"${PODS_ROOT}/Target Support Files/Pods-testemail-testemailTests/Pods-testemail-testemailTests-frameworks-${CONFIGURATION}-input-files.xcfilelist",
			);
			name = "[CP] Embed Pods Frameworks";
			outputFileListPaths = (
				"${PODS_ROOT}/Target Support Files/Pods-testemail-testemailTests/Pods-testemail-testemailTests-frameworks-${CONFIGURATION}-output-files.xcfilelist",
			);
			runOnlyForDeploymentPostprocessing = 0;
			shellPath = /bin/sh;
			shellScript = "\"${PODS_ROOT}/Target Support Files/Pods-testemail-testemailTests/Pods-testemail-testemailTests-frameworks.sh\"\n";
			showEnvVarsInLog = 0;
		};
		AFFC7FE03929FCD9B80FD7C9 /* [CP] Check Pods Manifest.lock */ = {
			isa = PBXShellScriptBuildPhase;
			buildActionMask = 2147483647;
			files = (
			);
			inputFileListPaths = (
			);
			inputPaths = (
				"${PODS_PODFILE_DIR_PATH}/Podfile.lock",
				"${PODS_ROOT}/Manifest.lock",
			);
			name = "[CP] Check Pods Manifest.lock";
			outputFileListPaths = (
			);
			outputPaths = (
				"$(DERIVED_FILE_DIR)/Pods-testemail-checkManifestLockResult.txt",
			);
			runOnlyForDeploymentPostprocessing = 0;
			shellPath = /bin/sh;
			shellScript = "diff \"${PODS_PODFILE_DIR_PATH}/Podfile.lock\" \"${PODS_ROOT}/Manifest.lock\" > /dev/null\nif [ $? != 0 ] ; then\n    # print error to STDERR\n    echo \"error: The sandbox is not in sync with the Podfile.lock. Run 'pod install' or update your CocoaPods installation.\" >&2\n    exit 1\nfi\n# This output is used by Xcode 'outputs' to avoid re-running this script phase.\necho \"SUCCESS\" > \"${SCRIPT_OUTPUT_FILE_0}\"\n";
			showEnvVarsInLog = 0;
		};
		FD10A7F022414F080027D42C /* Start Packager */ = {
			isa = PBXShellScriptBuildPhase;
			buildActionMask = 2147483647;
			files = (
			);
			inputFileListPaths = (
			);
			inputPaths = (
			);
			name = "Start Packager";
			outputFileListPaths = (
			);
			outputPaths = (
			);
			runOnlyForDeploymentPostprocessing = 0;
			shellPath = /bin/sh;
			shellScript = "export RCT_METRO_PORT=\"${RCT_METRO_PORT:=8081}\"\necho \"export RCT_METRO_PORT=${RCT_METRO_PORT}\" > \"${SRCROOT}/../node_modules/react-native/scripts/.packager.env\"\nif [ -z \"${RCT_NO_LAUNCH_PACKAGER+xxx}\" ] ; then\n  if nc -w 5 -z localhost ${RCT_METRO_PORT} ; then\n    if ! curl -s \"http://localhost:${RCT_METRO_PORT}/status\" | grep -q \"packager-status:running\" ; then\n      echo \"Port ${RCT_METRO_PORT} already in use, packager is either not running or not running correctly\"\n      exit 2\n    fi\n  else\n    open \"$SRCROOT/../node_modules/react-native/scripts/launchPackager.command\" || echo \"Can't start packager automatically\"\n  fi\nfi\n";
			showEnvVarsInLog = 0;
		};
/* End PBXShellScriptBuildPhase section */

/* Begin PBXSourcesBuildPhase section */
		00E356EA1AD99517003FC87E /* Sources */ = {
			isa = PBXSourcesBuildPhase;
			buildActionMask = 2147483647;
			files = (
				00E356F31AD99517003FC87E /* testemailTests.m in Sources */,
			);
			runOnlyForDeploymentPostprocessing = 0;
		};
		13B07F871A680F5B00A75B9A /* Sources */ = {
			isa = PBXSourcesBuildPhase;
			buildActionMask = 2147483647;
			files = (
				13B07FBC1A68108700A75B9A /* AppDelegate.m in Sources */,
				13B07FC11A68108700A75B9A /* main.m in Sources */,
			);
			runOnlyForDeploymentPostprocessing = 0;
		};
/* End PBXSourcesBuildPhase section */

/* Begin PBXTargetDependency section */
		00E356F51AD99517003FC87E /* PBXTargetDependency */ = {
			isa = PBXTargetDependency;
			target = 13B07F861A680F5B00A75B9A /* testemail */;
			targetProxy = 00E356F41AD99517003FC87E /* PBXContainerItemProxy */;
		};
/* End PBXTargetDependency section */

/* Begin XCBuildConfiguration section */
		00E356F61AD99517003FC87E /* Debug */ = {
			isa = XCBuildConfiguration;
			baseConfigurationReference = 9E5CFF6519F66D215383090A /* Pods-testemail-testemailTests.debug.xcconfig */;
			buildSettings = {
				BUNDLE_LOADER = "$(TEST_HOST)";
				GCC_PREPROCESSOR_DEFINITIONS = (
					"DEBUG=1",
					"$(inherited)",
				);
				INFOPLIST_FILE = testemailTests/Info.plist;
				IPHONEOS_DEPLOYMENT_TARGET = 11.0;
				LD_RUNPATH_SEARCH_PATHS = (
					"$(inherited)",
					"@executable_path/Frameworks",
					"@loader_path/Frameworks",
				);
				OTHER_LDFLAGS = (
					"-ObjC",
					"-lc++",
					"$(inherited)",
				);
				PRODUCT_BUNDLE_IDENTIFIER = "org.reactjs.native.example.$(PRODUCT_NAME:rfc1034identifier)";
				PRODUCT_NAME = "$(TARGET_NAME)";
				TEST_HOST = "$(BUILT_PRODUCTS_DIR)/testemail.app/testemail";
			};
			name = Debug;
		};
		00E356F71AD99517003FC87E /* Release */ = {
			isa = XCBuildConfiguration;
			baseConfigurationReference = F7905369ED971ACDD9CEBF2F /* Pods-testemail-testemailTests.release.xcconfig */;
			buildSettings = {
				BUNDLE_LOADER = "$(TEST_HOST)";
				COPY_PHASE_STRIP = NO;
				INFOPLIST_FILE = testemailTests/Info.plist;
				IPHONEOS_DEPLOYMENT_TARGET = 11.0;
				LD_RUNPATH_SEARCH_PATHS = (
					"$(inherited)",
					"@executable_path/Frameworks",
					"@loader_path/Frameworks",
				);
				OTHER_LDFLAGS = (
					"-ObjC",
					"-lc++",
					"$(inherited)",
				);
				PRODUCT_BUNDLE_IDENTIFIER = "org.reactjs.native.example.$(PRODUCT_NAME:rfc1034identifier)";
				PRODUCT_NAME = "$(TARGET_NAME)";
				TEST_HOST = "$(BUILT_PRODUCTS_DIR)/testemail.app/testemail";
			};
			name = Release;
		};
		13B07F941A680F5B00A75B9A /* Debug */ = {
			isa = XCBuildConfiguration;
			baseConfigurationReference = AE0BEAA18036627F4FD943A4 /* Pods-testemail.debug.xcconfig */;
			buildSettings = {
				ASSETCATALOG_COMPILER_APPICON_NAME = AppIcon;
				ASSETCATALOG_COMPILER_INCLUDE_ALL_APPICON_ASSETS = NO;
				CLANG_ENABLE_MODULES = YES;
				CURRENT_PROJECT_VERSION = 1;
				DEVELOPMENT_TEAM = A43VXHNR99;
				ENABLE_BITCODE = NO;
				INFOPLIST_FILE = testemail/Info.plist;
				LD_RUNPATH_SEARCH_PATHS = (
					"$(inherited)",
					"@executable_path/Frameworks",
				);
				OTHER_LDFLAGS = (
					"$(inherited)",
					"-ObjC",
					"-lc++",
				);
				PRODUCT_BUNDLE_IDENTIFIER = com.noukarivetest;
				PRODUCT_NAME = testemail;
				SWIFT_OPTIMIZATION_LEVEL = "-Onone";
				SWIFT_VERSION = 5.0;
				VERSIONING_SYSTEM = "apple-generic";
			};
			name = Debug;
		};
		13B07F951A680F5B00A75B9A /* Release */ = {
			isa = XCBuildConfiguration;
			baseConfigurationReference = 9BEE14CCBC95DBFE3BB37929 /* Pods-testemail.release.xcconfig */;
			buildSettings = {
				ASSETCATALOG_COMPILER_APPICON_NAME = AppIcon;
				ASSETCATALOG_COMPILER_INCLUDE_ALL_APPICON_ASSETS = NO;
				CLANG_ENABLE_MODULES = YES;
				CURRENT_PROJECT_VERSION = 1;
				DEVELOPMENT_TEAM = A43VXHNR99;
				INFOPLIST_FILE = testemail/Info.plist;
				LD_RUNPATH_SEARCH_PATHS = (
					"$(inherited)",
					"@executable_path/Frameworks",
				);
				OTHER_LDFLAGS = (
					"$(inherited)",
					"-ObjC",
					"-lc++",
				);
				PRODUCT_BUNDLE_IDENTIFIER = com.noukarivetest;
				PRODUCT_NAME = testemail;
				SWIFT_VERSION = 5.0;
				VERSIONING_SYSTEM = "apple-generic";
			};
			name = Release;
		};
		83CBBA201A601CBA00E9B192 /* Debug */ = {
			isa = XCBuildConfiguration;
			buildSettings = {
				ALWAYS_SEARCH_USER_PATHS = NO;
				CLANG_ANALYZER_LOCALIZABILITY_NONLOCALIZED = YES;
				CLANG_CXX_LANGUAGE_STANDARD = "gnu++0x";
				CLANG_CXX_LIBRARY = "libc++";
				CLANG_ENABLE_MODULES = YES;
				CLANG_ENABLE_OBJC_ARC = YES;
				CLANG_WARN_BLOCK_CAPTURE_AUTORELEASING = YES;
				CLANG_WARN_BOOL_CONVERSION = YES;
				CLANG_WARN_COMMA = YES;
				CLANG_WARN_CONSTANT_CONVERSION = YES;
				CLANG_WARN_DEPRECATED_OBJC_IMPLEMENTATIONS = YES;
				CLANG_WARN_DIRECT_OBJC_ISA_USAGE = YES_ERROR;
				CLANG_WARN_EMPTY_BODY = YES;
				CLANG_WARN_ENUM_CONVERSION = YES;
				CLANG_WARN_INFINITE_RECURSION = YES;
				CLANG_WARN_INT_CONVERSION = YES;
				CLANG_WARN_NON_LITERAL_NULL_CONVERSION = YES;
				CLANG_WARN_OBJC_IMPLICIT_RETAIN_SELF = YES;
				CLANG_WARN_OBJC_LITERAL_CONVERSION = YES;
				CLANG_WARN_OBJC_ROOT_CLASS = YES_ERROR;
				CLANG_WARN_QUOTED_INCLUDE_IN_FRAMEWORK_HEADER = YES;
				CLANG_WARN_RANGE_LOOP_ANALYSIS = YES;
				CLANG_WARN_STRICT_PROTOTYPES = YES;
				CLANG_WARN_SUSPICIOUS_MOVE = YES;
				CLANG_WARN_UNREACHABLE_CODE = YES;
				CLANG_WARN__DUPLICATE_METHOD_MATCH = YES;
				"CODE_SIGN_IDENTITY[sdk=iphoneos*]" = "iPhone Developer";
				COPY_PHASE_STRIP = NO;
				ENABLE_STRICT_OBJC_MSGSEND = YES;
				ENABLE_TESTABILITY = YES;
				"EXCLUDED_ARCHS[sdk=iphonesimulator*]" = "arm64 ";
				GCC_C_LANGUAGE_STANDARD = gnu99;
				GCC_DYNAMIC_NO_PIC = NO;
				GCC_NO_COMMON_BLOCKS = YES;
				GCC_OPTIMIZATION_LEVEL = 0;
				GCC_PREPROCESSOR_DEFINITIONS = (
					"DEBUG=1",
					"$(inherited)",
				);
				GCC_SYMBOLS_PRIVATE_EXTERN = NO;
				GCC_WARN_64_TO_32_BIT_CONVERSION = YES;
				GCC_WARN_ABOUT_RETURN_TYPE = YES_ERROR;
				GCC_WARN_UNDECLARED_SELECTOR = YES;
				GCC_WARN_UNINITIALIZED_AUTOS = YES_AGGRESSIVE;
				GCC_WARN_UNUSED_FUNCTION = YES;
				GCC_WARN_UNUSED_VARIABLE = YES;
				IPHONEOS_DEPLOYMENT_TARGET = 11.0;
				LD_RUNPATH_SEARCH_PATHS = (
					/usr/lib/swift,
					"$(inherited)",
				);
				LIBRARY_SEARCH_PATHS = (
					"\"$(SDKROOT)/usr/lib/swift\"",
					"\"$(TOOLCHAIN_DIR)/usr/lib/swift/$(PLATFORM_NAME)\"",
					"\"$(TOOLCHAIN_DIR)/usr/lib/swift-5.0/$(PLATFORM_NAME)\"",
					"\"$(inherited)\"",
				);
				MTL_ENABLE_DEBUG_INFO = YES;
				ONLY_ACTIVE_ARCH = YES;
				SDKROOT = iphoneos;
			};
			name = Debug;
		};
		83CBBA211A601CBA00E9B192 /* Release */ = {
			isa = XCBuildConfiguration;
			buildSettings = {
				ALWAYS_SEARCH_USER_PATHS = NO;
				CLANG_ANALYZER_LOCALIZABILITY_NONLOCALIZED = YES;
				CLANG_CXX_LANGUAGE_STANDARD = "gnu++0x";
				CLANG_CXX_LIBRARY = "libc++";
				CLANG_ENABLE_MODULES = YES;
				CLANG_ENABLE_OBJC_ARC = YES;
				CLANG_WARN_BLOCK_CAPTURE_AUTORELEASING = YES;
				CLANG_WARN_BOOL_CONVERSION = YES;
				CLANG_WARN_COMMA = YES;
				CLANG_WARN_CONSTANT_CONVERSION = YES;
				CLANG_WARN_DEPRECATED_OBJC_IMPLEMENTATIONS = YES;
				CLANG_WARN_DIRECT_OBJC_ISA_USAGE = YES_ERROR;
				CLANG_WARN_EMPTY_BODY = YES;
				CLANG_WARN_ENUM_CONVERSION = YES;
				CLANG_WARN_INFINITE_RECURSION = YES;
				CLANG_WARN_INT_CONVERSION = YES;
				CLANG_WARN_NON_LITERAL_NULL_CONVERSION = YES;
				CLANG_WARN_OBJC_IMPLICIT_RETAIN_SELF = YES;
				CLANG_WARN_OBJC_LITERAL_CONVERSION = YES;
				CLANG_WARN_OBJC_ROOT_CLASS = YES_ERROR;
				CLANG_WARN_QUOTED_INCLUDE_IN_FRAMEWORK_HEADER = YES;
				CLANG_WARN_RANGE_LOOP_ANALYSIS = YES;
				CLANG_WARN_STRICT_PROTOTYPES = YES;
				CLANG_WARN_SUSPICIOUS_MOVE = YES;
				CLANG_WARN_UNREACHABLE_CODE = YES;
				CLANG_WARN__DUPLICATE_METHOD_MATCH = YES;
				"CODE_SIGN_IDENTITY[sdk=iphoneos*]" = "iPhone Developer";
				COPY_PHASE_STRIP = YES;
				ENABLE_NS_ASSERTIONS = NO;
				ENABLE_STRICT_OBJC_MSGSEND = YES;
				"EXCLUDED_ARCHS[sdk=iphonesimulator*]" = "arm64 ";
				GCC_C_LANGUAGE_STANDARD = gnu99;
				GCC_NO_COMMON_BLOCKS = YES;
				GCC_WARN_64_TO_32_BIT_CONVERSION = YES;
				GCC_WARN_ABOUT_RETURN_TYPE = YES_ERROR;
				GCC_WARN_UNDECLARED_SELECTOR = YES;
				GCC_WARN_UNINITIALIZED_AUTOS = YES_AGGRESSIVE;
				GCC_WARN_UNUSED_FUNCTION = YES;
				GCC_WARN_UNUSED_VARIABLE = YES;
				IPHONEOS_DEPLOYMENT_TARGET = 11.0;
				LD_RUNPATH_SEARCH_PATHS = (
					/usr/lib/swift,
					"$(inherited)",
				);
				LIBRARY_SEARCH_PATHS = (
					"\"$(SDKROOT)/usr/lib/swift\"",
					"\"$(TOOLCHAIN_DIR)/usr/lib/swift/$(PLATFORM_NAME)\"",
					"\"$(TOOLCHAIN_DIR)/usr/lib/swift-5.0/$(PLATFORM_NAME)\"",
					"\"$(inherited)\"",
				);
				MTL_ENABLE_DEBUG_INFO = NO;
				SDKROOT = iphoneos;
				VALIDATE_PRODUCT = YES;
			};
			name = Release;
		};
/* End XCBuildConfiguration section */

/* Begin XCConfigurationList section */
		00E357021AD99517003FC87E /* Build configuration list for PBXNativeTarget "testemailTests" */ = {
			isa = XCConfigurationList;
			buildConfigurations = (
				00E356F61AD99517003FC87E /* Debug */,
				00E356F71AD99517003FC87E /* Release */,
			);
			defaultConfigurationIsVisible = 0;
			defaultConfigurationName = Release;
		};
		13B07F931A680F5B00A75B9A /* Build configuration list for PBXNativeTarget "testemail" */ = {
			isa = XCConfigurationList;
			buildConfigurations = (
				13B07F941A680F5B00A75B9A /* Debug */,
				13B07F951A680F5B00A75B9A /* Release */,
			);
			defaultConfigurationIsVisible = 0;
			defaultConfigurationName = Release;
		};
		83CBB9FA1A601CBA00E9B192 /* Build configuration list for PBXProject "testemail" */ = {
			isa = XCConfigurationList;
			buildConfigurations = (
				83CBBA201A601CBA00E9B192 /* Debug */,
				83CBBA211A601CBA00E9B192 /* Release */,
			);
			defaultConfigurationIsVisible = 0;
			defaultConfigurationName = Release;
		};
/* End XCConfigurationList section */
	};
	rootObject = 83CBB9F71A601CBA00E9B192 /* Project object */;
}
